
Microsoft Visual Studio Solution File, Format Version 12.00
# Visual Studio Version 16
VisualStudioVersion = 16.0.32106.194
MinimumVisualStudioVersion = 10.0.40219.1
Project("{FAE04EC0-301F-11D3-BF4B-00C04F79EFBC}") = "ConsoleApp1", "ConsoleApp1\ConsoleApp1.csproj", "{31B67419-1993-4731-A4C7-155D4A4FDAA2}"
EndProject
Global
	GlobalSection(SolutionConfigurationPlatforms) = preSolution
		Debug|Any CPU = Debug|Any CPU
		Release|Any CPU = Release|Any CPU
	EndGlobalSection
	GlobalSection(ProjectConfigurationPlatforms) = postSolution
		{31B67419-1993-4731-A4C7-155D4A4FDAA2}.Debug|Any CPU.ActiveCfg = Debug|Any CPU
		{31B67419-1993-4731-A4C7-155D4A4FDAA2}.Debug|Any CPU.Build.0 = Debug|Any CPU
		{31B67419-1993-4731-A4C7-155D4A4FDAA2}.Release|Any CPU.ActiveCfg = Release|Any CPU
		{31B67419-1993-4731-A4C7-155D4A4FDAA2}.Release|Any CPU.Build.0 = Release|Any CPU
	EndGlobalSection
	GlobalSection(SolutionProperties) = preSolution
		HideSolutionNode = FALSE
	EndGlobalSection
	GlobalSection(ExtensibilityGlobals) = postSolution
		SolutionGuid = {43EEC6C3-D11D-45D6-91EB-11D4E72C9EB9}
	EndGlobalSection
EndGlobal
